// !$*UTF8*$!
{
	archiveVersion = 1;
	classes = {
	};
	objectVersion = 46;
	objects = {

/* Begin PBXBuildFile section */
		B06EF1FB18F6341600CF0B11 /* Foundation.framework in Frameworks */ = {isa = PBXBuildFile; fileRef = B06EF1FA18F6341600CF0B11 /* Foundation.framework */; };
		B06EF1FD18F6341600CF0B11 /* CoreGraphics.framework in Frameworks */ = {isa = PBXBuildFile; fileRef = B06EF1FC18F6341600CF0B11 /* CoreGraphics.framework */; };
		B06EF1FF18F6341600CF0B11 /* UIKit.framework in Frameworks */ = {isa = PBXBuildFile; fileRef = B06EF1FE18F6341600CF0B11 /* UIKit.framework */; };
		B06EF20518F6341600CF0B11 /* InfoPlist.strings in Resources */ = {isa = PBXBuildFile; fileRef = B06EF20318F6341600CF0B11 /* InfoPlist.strings */; };
		B06EF20718F6341600CF0B11 /* main.m in Sources */ = {isa = PBXBuildFile; fileRef = B06EF20618F6341600CF0B11 /* main.m */; };
		B06EF20B18F6341600CF0B11 /* CEAppDelegate.m in Sources */ = {isa = PBXBuildFile; fileRef = B06EF20A18F6341600CF0B11 /* CEAppDelegate.m */; };
		B06EF20D18F6341600CF0B11 /* Images.xcassets in Resources */ = {isa = PBXBuildFile; fileRef = B06EF20C18F6341600CF0B11 /* Images.xcassets */; };
		B06EF21418F6341600CF0B11 /* XCTest.framework in Frameworks */ = {isa = PBXBuildFile; fileRef = B06EF21318F6341600CF0B11 /* XCTest.framework */; };
		B06EF21518F6341600CF0B11 /* Foundation.framework in Frameworks */ = {isa = PBXBuildFile; fileRef = B06EF1FA18F6341600CF0B11 /* Foundation.framework */; };
		B06EF21618F6341600CF0B11 /* UIKit.framework in Frameworks */ = {isa = PBXBuildFile; fileRef = B06EF1FE18F6341600CF0B11 /* UIKit.framework */; };
		B06EF21E18F6341600CF0B11 /* InfoPlist.strings in Resources */ = {isa = PBXBuildFile; fileRef = B06EF21C18F6341600CF0B11 /* InfoPlist.strings */; };
		B06EF22018F6341600CF0B11 /* chartExperimentTests.m in Sources */ = {isa = PBXBuildFile; fileRef = B06EF21F18F6341600CF0B11 /* chartExperimentTests.m */; };
		B06EF22E18F6382C00CF0B11 /* BarChartViewController.m in Sources */ = {isa = PBXBuildFile; fileRef = B06EF22D18F6382C00CF0B11 /* BarChartViewController.m */; };
		B06EF23718F63AE000CF0B11 /* JBBarChartView.m in Sources */ = {isa = PBXBuildFile; fileRef = B06EF23118F63ADF00CF0B11 /* JBBarChartView.m */; };
		B06EF23818F63AE000CF0B11 /* JBChartView.m in Sources */ = {isa = PBXBuildFile; fileRef = B06EF23318F63AE000CF0B11 /* JBChartView.m */; };
		B06EF23918F63AE000CF0B11 /* JBChartView.podspec in Resources */ = {isa = PBXBuildFile; fileRef = B06EF23418F63AE000CF0B11 /* JBChartView.podspec */; };
		B06EF23A18F63AE000CF0B11 /* JBLineChartView.m in Sources */ = {isa = PBXBuildFile; fileRef = B06EF23618F63AE000CF0B11 /* JBLineChartView.m */; };
/* End PBXBuildFile section */

/* Begin PBXContainerItemProxy section */
		B06EF21718F6341600CF0B11 /* PBXContainerItemProxy */ = {
			isa = PBXContainerItemProxy;
			containerPortal = B06EF1EF18F6341600CF0B11 /* Project object */;
			proxyType = 1;
			remoteGlobalIDString = B06EF1F618F6341600CF0B11;
			remoteInfo = chartExperiment;
		};
/* End PBXContainerItemProxy section */

/* Begin PBXFileReference section */
		B06EF1F718F6341600CF0B11 /* chartExperiment.app */ = {isa = PBXFileReference; explicitFileType = wrapper.application; includeInIndex = 0; path = chartExperiment.app; sourceTree = BUILT_PRODUCTS_DIR; };
		B06EF1FA18F6341600CF0B11 /* Foundation.framework */ = {isa = PBXFileReference; lastKnownFileType = wrapper.framework; name = Foundation.framework; path = System/Library/Frameworks/Foundation.framework; sourceTree = SDKROOT; };
		B06EF1FC18F6341600CF0B11 /* CoreGraphics.framework */ = {isa = PBXFileReference; lastKnownFileType = wrapper.framework; name = CoreGraphics.framework; path = System/Library/Frameworks/CoreGraphics.framework; sourceTree = SDKROOT; };
		B06EF1FE18F6341600CF0B11 /* UIKit.framework */ = {isa = PBXFileReference; lastKnownFileType = wrapper.framework; name = UIKit.framework; path = System/Library/Frameworks/UIKit.framework; sourceTree = SDKROOT; };
		B06EF20218F6341600CF0B11 /* chartExperiment-Info.plist */ = {isa = PBXFileReference; lastKnownFileType = text.plist.xml; path = "chartExperiment-Info.plist"; sourceTree = "<group>"; };
		B06EF20418F6341600CF0B11 /* en */ = {isa = PBXFileReference; lastKnownFileType = text.plist.strings; name = en; path = en.lproj/InfoPlist.strings; sourceTree = "<group>"; };
		B06EF20618F6341600CF0B11 /* main.m */ = {isa = PBXFileReference; lastKnownFileType = sourcecode.c.objc; path = main.m; sourceTree = "<group>"; };
		B06EF20818F6341600CF0B11 /* chartExperiment-Prefix.pch */ = {isa = PBXFileReference; lastKnownFileType = sourcecode.c.h; path = "chartExperiment-Prefix.pch"; sourceTree = "<group>"; };
		B06EF20918F6341600CF0B11 /* CEAppDelegate.h */ = {isa = PBXFileReference; lastKnownFileType = sourcecode.c.h; path = CEAppDelegate.h; sourceTree = "<group>"; };
		B06EF20A18F6341600CF0B11 /* CEAppDelegate.m */ = {isa = PBXFileReference; lastKnownFileType = sourcecode.c.objc; path = CEAppDelegate.m; sourceTree = "<group>"; };
		B06EF20C18F6341600CF0B11 /* Images.xcassets */ = {isa = PBXFileReference; lastKnownFileType = folder.assetcatalog; path = Images.xcassets; sourceTree = "<group>"; };
		B06EF21218F6341600CF0B11 /* chartExperimentTests.xctest */ = {isa = PBXFileReference; explicitFileType = wrapper.cfbundle; includeInIndex = 0; path = chartExperimentTests.xctest; sourceTree = BUILT_PRODUCTS_DIR; };
		B06EF21318F6341600CF0B11 /* XCTest.framework */ = {isa = PBXFileReference; lastKnownFileType = wrapper.framework; name = XCTest.framework; path = Library/Frameworks/XCTest.framework; sourceTree = DEVELOPER_DIR; };
		B06EF21B18F6341600CF0B11 /* chartExperimentTests-Info.plist */ = {isa = PBXFileReference; lastKnownFileType = text.plist.xml; path = "chartExperimentTests-Info.plist"; sourceTree = "<group>"; };
		B06EF21D18F6341600CF0B11 /* en */ = {isa = PBXFileReference; lastKnownFileType = text.plist.strings; name = en; path = en.lproj/InfoPlist.strings; sourceTree = "<group>"; };
		B06EF21F18F6341600CF0B11 /* chartExperimentTests.m */ = {isa = PBXFileReference; lastKnownFileType = sourcecode.c.objc; path = chartExperimentTests.m; sourceTree = "<group>"; };
		B06EF22C18F6382C00CF0B11 /* BarChartViewController.h */ = {isa = PBXFileReference; fileEncoding = 4; lastKnownFileType = sourcecode.c.h; name = BarChartViewController.h; path = ../BarChartViewController.h; sourceTree = "<group>"; };
		B06EF22D18F6382C00CF0B11 /* BarChartViewController.m */ = {isa = PBXFileReference; fileEncoding = 4; lastKnownFileType = sourcecode.c.objc; name = BarChartViewController.m; path = ../BarChartViewController.m; sourceTree = "<group>"; };
		B06EF23018F63ADF00CF0B11 /* JBBarChartView.h */ = {isa = PBXFileReference; fileEncoding = 4; lastKnownFileType = sourcecode.c.h; path = JBBarChartView.h; sourceTree = "<group>"; };
		B06EF23118F63ADF00CF0B11 /* JBBarChartView.m */ = {isa = PBXFileReference; fileEncoding = 4; lastKnownFileType = sourcecode.c.objc; path = JBBarChartView.m; sourceTree = "<group>"; };
		B06EF23218F63ADF00CF0B11 /* JBChartView.h */ = {isa = PBXFileReference; fileEncoding = 4; lastKnownFileType = sourcecode.c.h; path = JBChartView.h; sourceTree = "<group>"; };
		B06EF23318F63AE000CF0B11 /* JBChartView.m */ = {isa = PBXFileReference; fileEncoding = 4; lastKnownFileType = sourcecode.c.objc; path = JBChartView.m; sourceTree = "<group>"; };
		B06EF23418F63AE000CF0B11 /* JBChartView.podspec */ = {isa = PBXFileReference; fileEncoding = 4; lastKnownFileType = text; path = JBChartView.podspec; sourceTree = "<group>"; };
		B06EF23518F63AE000CF0B11 /* JBLineChartView.h */ = {isa = PBXFileReference; fileEncoding = 4; lastKnownFileType = sourcecode.c.h; path = JBLineChartView.h; sourceTree = "<group>"; };
		B06EF23618F63AE000CF0B11 /* JBLineChartView.m */ = {isa = PBXFileReference; fileEncoding = 4; lastKnownFileType = sourcecode.c.objc; path = JBLineChartView.m; sourceTree = "<group>"; };
/* End PBXFileReference section */

/* Begin PBXFrameworksBuildPhase section */
		B06EF1F418F6341600CF0B11 /* Frameworks */ = {
			isa = PBXFrameworksBuildPhase;
			buildActionMask = 2147483647;
			files = (
				B06EF1FD18F6341600CF0B11 /* CoreGraphics.framework in Frameworks */,
				B06EF1FF18F6341600CF0B11 /* UIKit.framework in Frameworks */,
				B06EF1FB18F6341600CF0B11 /* Foundation.framework in Frameworks */,
			);
			runOnlyForDeploymentPostprocessing = 0;
		};
		B06EF20F18F6341600CF0B11 /* Frameworks */ = {
			isa = PBXFrameworksBuildPhase;
			buildActionMask = 2147483647;
			files = (
				B06EF21418F6341600CF0B11 /* XCTest.framework in Frameworks */,
				B06EF21618F6341600CF0B11 /* UIKit.framework in Frameworks */,
				B06EF21518F6341600CF0B11 /* Foundation.framework in Frameworks */,
			);
			runOnlyForDeploymentPostprocessing = 0;
		};
/* End PBXFrameworksBuildPhase section */

/* Begin PBXGroup section */
		B06EF1EE18F6341600CF0B11 = {
			isa = PBXGroup;
			children = (
				B06EF20018F6341600CF0B11 /* chartExperiment */,
				B06EF21918F6341600CF0B11 /* chartExperimentTests */,
				B06EF1F918F6341600CF0B11 /* Frameworks */,
				B06EF1F818F6341600CF0B11 /* Products */,
			);
			sourceTree = "<group>";
		};
		B06EF1F818F6341600CF0B11 /* Products */ = {
			isa = PBXGroup;
			children = (
				B06EF1F718F6341600CF0B11 /* chartExperiment.app */,
				B06EF21218F6341600CF0B11 /* chartExperimentTests.xctest */,
			);
			name = Products;
			sourceTree = "<group>";
		};
		B06EF1F918F6341600CF0B11 /* Frameworks */ = {
			isa = PBXGroup;
			children = (
				B06EF1FA18F6341600CF0B11 /* Foundation.framework */,
				B06EF1FC18F6341600CF0B11 /* CoreGraphics.framework */,
				B06EF1FE18F6341600CF0B11 /* UIKit.framework */,
				B06EF21318F6341600CF0B11 /* XCTest.framework */,
			);
			name = Frameworks;
			sourceTree = "<group>";
		};
		B06EF20018F6341600CF0B11 /* chartExperiment */ = {
			isa = PBXGroup;
			children = (
				B06EF22C18F6382C00CF0B11 /* BarChartViewController.h */,
				B06EF22D18F6382C00CF0B11 /* BarChartViewController.m */,
				B06EF20918F6341600CF0B11 /* CEAppDelegate.h */,
				B06EF20A18F6341600CF0B11 /* CEAppDelegate.m */,
				B06EF20C18F6341600CF0B11 /* Images.xcassets */,
				B06EF22F18F63ADF00CF0B11 /* Classes */,
				B06EF20118F6341600CF0B11 /* Supporting Files */,
			);
			path = chartExperiment;
			sourceTree = "<group>";
		};
		B06EF20118F6341600CF0B11 /* Supporting Files */ = {
			isa = PBXGroup;
			children = (
				B06EF20218F6341600CF0B11 /* chartExperiment-Info.plist */,
				B06EF20318F6341600CF0B11 /* InfoPlist.strings */,
				B06EF20618F6341600CF0B11 /* main.m */,
				B06EF20818F6341600CF0B11 /* chartExperiment-Prefix.pch */,
			);
			name = "Supporting Files";
			sourceTree = "<group>";
		};
		B06EF21918F6341600CF0B11 /* chartExperimentTests */ = {
			isa = PBXGroup;
			children = (
				B06EF21F18F6341600CF0B11 /* chartExperimentTests.m */,
				B06EF21A18F6341600CF0B11 /* Supporting Files */,
			);
			path = chartExperimentTests;
			sourceTree = "<group>";
		};
		B06EF21A18F6341600CF0B11 /* Supporting Files */ = {
			isa = PBXGroup;
			children = (
				B06EF21B18F6341600CF0B11 /* chartExperimentTests-Info.plist */,
				B06EF21C18F6341600CF0B11 /* InfoPlist.strings */,
			);
			name = "Supporting Files";
			sourceTree = "<group>";
		};
		B06EF22F18F63ADF00CF0B11 /* Classes */ = {
			isa = PBXGroup;
			children = (
				B06EF23018F63ADF00CF0B11 /* JBBarChartView.h */,
				B06EF23118F63ADF00CF0B11 /* JBBarChartView.m */,
				B06EF23218F63ADF00CF0B11 /* JBChartView.h */,
				B06EF23318F63AE000CF0B11 /* JBChartView.m */,
				B06EF23418F63AE000CF0B11 /* JBChartView.podspec */,
				B06EF23518F63AE000CF0B11 /* JBLineChartView.h */,
				B06EF23618F63AE000CF0B11 /* JBLineChartView.m */,
			);
			name = Classes;
			path = ../Classes;
			sourceTree = "<group>";
		};
/* End PBXGroup section */

/* Begin PBXNativeTarget section */
		B06EF1F618F6341600CF0B11 /* chartExperiment */ = {
			isa = PBXNativeTarget;
			buildConfigurationList = B06EF22318F6341600CF0B11 /* Build configuration list for PBXNativeTarget "chartExperiment" */;
			buildPhases = (
				B06EF1F318F6341600CF0B11 /* Sources */,
				B06EF1F418F6341600CF0B11 /* Frameworks */,
				B06EF1F518F6341600CF0B11 /* Resources */,
			);
			buildRules = (
			);
			dependencies = (
			);
			name = chartExperiment;
			productName = chartExperiment;
			productReference = B06EF1F718F6341600CF0B11 /* chartExperiment.app */;
			productType = "com.apple.product-type.application";
		};
		B06EF21118F6341600CF0B11 /* chartExperimentTests */ = {
			isa = PBXNativeTarget;
			buildConfigurationList = B06EF22618F6341600CF0B11 /* Build configuration list for PBXNativeTarget "chartExperimentTests" */;
			buildPhases = (
				B06EF20E18F6341600CF0B11 /* Sources */,
				B06EF20F18F6341600CF0B11 /* Frameworks */,
				B06EF21018F6341600CF0B11 /* Resources */,
			);
			buildRules = (
			);
			dependencies = (
				B06EF21818F6341600CF0B11 /* PBXTargetDependency */,
			);
			name = chartExperimentTests;
			productName = chartExperimentTests;
			productReference = B06EF21218F6341600CF0B11 /* chartExperimentTests.xctest */;
			productType = "com.apple.product-type.bundle.unit-test";
		};
/* End PBXNativeTarget section */

/* Begin PBXProject section */
		B06EF1EF18F6341600CF0B11 /* Project object */ = {
			isa = PBXProject;
			attributes = {
				CLASSPREFIX = CE;
				LastUpgradeCheck = 0510;
				ORGANIZATIONNAME = brilliantech;
				TargetAttributes = {
					B06EF1F618F6341600CF0B11 = {
						DevelopmentTeam = 58FSFGRL4P;
					};
					B06EF21118F6341600CF0B11 = {
						TestTargetID = B06EF1F618F6341600CF0B11;
					};
				};
			};
			buildConfigurationList = B06EF1F218F6341600CF0B11 /* Build configuration list for PBXProject "chartExperiment" */;
			compatibilityVersion = "Xcode 3.2";
			developmentRegion = English;
			hasScannedForEncodings = 0;
			knownRegions = (
				en,
			);
			mainGroup = B06EF1EE18F6341600CF0B11;
			productRefGroup = B06EF1F818F6341600CF0B11 /* Products */;
			projectDirPath = "";
			projectRoot = "";
			targets = (
				B06EF1F618F6341600CF0B11 /* chartExperiment */,
				B06EF21118F6341600CF0B11 /* chartExperimentTests */,
			);
		};
/* End PBXProject section */

/* Begin PBXResourcesBuildPhase section */
		B06EF1F518F6341600CF0B11 /* Resources */ = {
			isa = PBXResourcesBuildPhase;
			buildActionMask = 2147483647;
			files = (
				B06EF23918F63AE000CF0B11 /* JBChartView.podspec in Resources */,
				B06EF20518F6341600CF0B11 /* InfoPlist.strings in Resources */,
				B06EF20D18F6341600CF0B11 /* Images.xcassets in Resources */,
			);
			runOnlyForDeploymentPostprocessing = 0;
		};
		B06EF21018F6341600CF0B11 /* Resources */ = {
			isa = PBXResourcesBuildPhase;
			buildActionMask = 2147483647;
			files = (
				B06EF21E18F6341600CF0B11 /* InfoPlist.strings in Resources */,
			);
			runOnlyForDeploymentPostprocessing = 0;
		};
/* End PBXResourcesBuildPhase section */

/* Begin PBXSourcesBuildPhase section */
		B06EF1F318F6341600CF0B11 /* Sources */ = {
			isa = PBXSourcesBuildPhase;
			buildActionMask = 2147483647;
			files = (
				B06EF22E18F6382C00CF0B11 /* BarChartViewController.m in Sources */,
				B06EF23A18F63AE000CF0B11 /* JBLineChartView.m in Sources */,
				B06EF23718F63AE000CF0B11 /* JBBarChartView.m in Sources */,
				B06EF20B18F6341600CF0B11 /* CEAppDelegate.m in Sources */,
				B06EF23818F63AE000CF0B11 /* JBChartView.m in Sources */,
				B06EF20718F6341600CF0B11 /* main.m in Sources */,
			);
			runOnlyForDeploymentPostprocessing = 0;
		};
		B06EF20E18F6341600CF0B11 /* Sources */ = {
			isa = PBXSourcesBuildPhase;
			buildActionMask = 2147483647;
			files = (
				B06EF22018F6341600CF0B11 /* chartExperimentTests.m in Sources */,
			);
			runOnlyForDeploymentPostprocessing = 0;
		};
/* End PBXSourcesBuildPhase section */

/* Begin PBXTargetDependency section */
		B06EF21818F6341600CF0B11 /* PBXTargetDependency */ = {
			isa = PBXTargetDependency;
			target = B06EF1F618F6341600CF0B11 /* chartExperiment */;
			targetProxy = B06EF21718F6341600CF0B11 /* PBXContainerItemProxy */;
		};
/* End PBXTargetDependency section */

/* Begin PBXVariantGroup section */
		B06EF20318F6341600CF0B11 /* InfoPlist.strings */ = {
			isa = PBXVariantGroup;
			children = (
				B06EF20418F6341600CF0B11 /* en */,
			);
			name = InfoPlist.strings;
			sourceTree = "<group>";
		};
		B06EF21C18F6341600CF0B11 /* InfoPlist.strings */ = {
			isa = PBXVariantGroup;
			children = (
				B06EF21D18F6341600CF0B11 /* en */,
			);
			name = InfoPlist.strings;
			sourceTree = "<group>";
		};
/* End PBXVariantGroup section */

/* Begin XCBuildConfiguration section */
		B06EF22118F6341600CF0B11 /* Debug */ = {
			isa = XCBuildConfiguration;
			buildSettings = {
				ALWAYS_SEARCH_USER_PATHS = NO;
				CLANG_CXX_LANGUAGE_STANDARD = "gnu++0x";
				CLANG_CXX_LIBRARY = "libc++";
				CLANG_ENABLE_MODULES = YES;
				CLANG_ENABLE_OBJC_ARC = YES;
				CLANG_WARN_BOOL_CONVERSION = YES;
				CLANG_WARN_CONSTANT_CONVERSION = YES;
				CLANG_WARN_DIRECT_OBJC_ISA_USAGE = YES_ERROR;
				CLANG_WARN_EMPTY_BODY = YES;
				CLANG_WARN_ENUM_CONVERSION = YES;
				CLANG_WARN_INT_CONVERSION = YES;
				CLANG_WARN_OBJC_ROOT_CLASS = YES_ERROR;
				CLANG_WARN__DUPLICATE_METHOD_MATCH = YES;
				"CODE_SIGN_IDENTITY[sdk=iphoneos*]" = "iPhone Developer";
				COPY_PHASE_STRIP = NO;
				GCC_C_LANGUAGE_STANDARD = gnu99;
				GCC_DYNAMIC_NO_PIC = NO;
				GCC_OPTIMIZATION_LEVEL = 0;
				GCC_PREPROCESSOR_DEFINITIONS = (
					"DEBUG=1",
					"$(inherited)",
				);
				GCC_SYMBOLS_PRIVATE_EXTERN = NO;
				GCC_WARN_64_TO_32_BIT_CONVERSION = YES;
				GCC_WARN_ABOUT_RETURN_TYPE = YES_ERROR;
				GCC_WARN_UNDECLARED_SELECTOR = YES;
				GCC_WARN_UNINITIALIZED_AUTOS = YES_AGGRESSIVE;
				GCC_WARN_UNUSED_FUNCTION = YES;
				GCC_WARN_UNUSED_VARIABLE = YES;
				IPHONEOS_DEPLOYMENT_TARGET = 7.1;
				ONLY_ACTIVE_ARCH = YES;
				SDKROOT = iphoneos;
				TARGETED_DEVICE_FAMILY = "1,2";
			};
			name = Debug;
		};
		B06EF22218F6341600CF0B11 /* Release */ = {
			isa = XCBuildConfiguration;
			buildSettings = {
				ALWAYS_SEARCH_USER_PATHS = NO;
				CLANG_CXX_LANGUAGE_STANDARD = "gnu++0x";
				CLANG_CXX_LIBRARY = "libc++";
				CLANG_ENABLE_MODULES = YES;
				CLANG_ENABLE_OBJC_ARC = YES;
				CLANG_WARN_BOOL_CONVERSION = YES;
				CLANG_WARN_CONSTANT_CONVERSION = YES;
				CLANG_WARN_DIRECT_OBJC_ISA_USAGE = YES_ERROR;
				CLANG_WARN_EMPTY_BODY = YES;
				CLANG_WARN_ENUM_CONVERSION = YES;
				CLANG_WARN_INT_CONVERSION = YES;
				CLANG_WARN_OBJC_ROOT_CLASS = YES_ERROR;
				CLANG_WARN__DUPLICATE_METHOD_MATCH = YES;
				"CODE_SIGN_IDENTITY[sdk=iphoneos*]" = "iPhone Developer";
				COPY_PHASE_STRIP = YES;
				ENABLE_NS_ASSERTIONS = NO;
				GCC_C_LANGUAGE_STANDARD = gnu99;
				GCC_WARN_64_TO_32_BIT_CONVERSION = YES;
				GCC_WARN_ABOUT_RETURN_TYPE = YES_ERROR;
				GCC_WARN_UNDECLARED_SELECTOR = YES;
				GCC_WARN_UNINITIALIZED_AUTOS = YES_AGGRESSIVE;
				GCC_WARN_UNUSED_FUNCTION = YES;
				GCC_WARN_UNUSED_VARIABLE = YES;
				IPHONEOS_DEPLOYMENT_TARGET = 7.1;
				SDKROOT = iphoneos;
				TARGETED_DEVICE_FAMILY = "1,2";
				VALIDATE_PRODUCT = YES;
			};
			name = Release;
		};
		B06EF22418F6341600CF0B11 /* Debug */ = {
			isa = XCBuildConfiguration;
			buildSettings = {
				ASSETCATALOG_COMPILER_APPICON_NAME = AppIcon;
				ASSETCATALOG_COMPILER_LAUNCHIMAGE_NAME = LaunchImage;
				CODE_SIGN_IDENTITY = "iPhone Developer";
				GCC_PRECOMPILE_PREFIX_HEADER = YES;
				GCC_PREFIX_HEADER = "chartExperiment/chartExperiment-Prefix.pch";
				INFOPLIST_FILE = "chartExperiment/chartExperiment-Info.plist";
				PRODUCT_NAME = "$(TARGET_NAME)";
				WRAPPER_EXTENSION = app;
			};
			name = Debug;
		};
		B06EF22518F6341600CF0B11 /* Release */ = {
			isa = XCBuildConfiguration;
			buildSettings = {
				ASSETCATALOG_COMPILER_APPICON_NAME = AppIcon;
				ASSETCATALOG_COMPILER_LAUNCHIMAGE_NAME = LaunchImage;
				CODE_SIGN_IDENTITY = "iPhone Developer";
				GCC_PRECOMPILE_PREFIX_HEADER = YES;
				GCC_PREFIX_HEADER = "chartExperiment/chartExperiment-Prefix.pch";
				INFOPLIST_FILE = "chartExperiment/chartExperiment-Info.plist";
				PRODUCT_NAME = "$(TARGET_NAME)";
				WRAPPER_EXTENSION = app;
			};
			name = Release;
		};
		B06EF22718F6341600CF0B11 /* Debug */ = {
			isa = XCBuildConfiguration;
			buildSettings = {
				BUNDLE_LOADER = "$(BUILT_PRODUCTS_DIR)/chartExperiment.app/chartExperiment";
				FRAMEWORK_SEARCH_PATHS = (
					"$(SDKROOT)/Developer/Library/Frameworks",
					"$(inherited)",
					"$(DEVELOPER_FRAMEWORKS_DIR)",
				);
				GCC_PRECOMPILE_PREFIX_HEADER = YES;
				GCC_PREFIX_HEADER = "chartExperiment/chartExperiment-Prefix.pch";
				GCC_PREPROCESSOR_DEFINITIONS = (
					"DEBUG=1",
					"$(inherited)",
				);
				INFOPLIST_FILE = "chartExperimentTests/chartExperimentTests-Info.plist";
				PRODUCT_NAME = "$(TARGET_NAME)";
				TEST_HOST = "$(BUNDLE_LOADER)";
				WRAPPER_EXTENSION = xctest;
			};
			name = Debug;
		};
		B06EF22818F6341600CF0B11 /* Release */ = {
			isa = XCBuildConfiguration;
			buildSettings = {
				BUNDLE_LOADER = "$(BUILT_PRODUCTS_DIR)/chartExperiment.app/chartExperiment";
				FRAMEWORK_SEARCH_PATHS = (
					"$(SDKROOT)/Developer/Library/Frameworks",
					"$(inherited)",
					"$(DEVELOPER_FRAMEWORKS_DIR)",
				);
				GCC_PRECOMPILE_PREFIX_HEADER = YES;
				GCC_PREFIX_HEADER = "chartExperiment/chartExperiment-Prefix.pch";
				INFOPLIST_FILE = "chartExperimentTests/chartExperimentTests-Info.plist";
				PRODUCT_NAME = "$(TARGET_NAME)";
				TEST_HOST = "$(BUNDLE_LOADER)";
				WRAPPER_EXTENSION = xctest;
			};
			name = Release;
		};
/* End XCBuildConfiguration section */

/* Begin XCConfigurationList section */
		B06EF1F218F6341600CF0B11 /* Build configuration list for PBXProject "chartExperiment" */ = {
			isa = XCConfigurationList;
			buildConfigurations = (
				B06EF22118F6341600CF0B11 /* Debug */,
				B06EF22218F6341600CF0B11 /* Release */,
			);
			defaultConfigurationIsVisible = 0;
			defaultConfigurationName = Release;
		};
		B06EF22318F6341600CF0B11 /* Build configuration list for PBXNativeTarget "chartExperiment" */ = {
			isa = XCConfigurationList;
			buildConfigurations = (
				B06EF22418F6341600CF0B11 /* Debug */,
				B06EF22518F6341600CF0B11 /* Release */,
			);
			defaultConfigurationIsVisible = 0;
		};
		B06EF22618F6341600CF0B11 /* Build configuration list for PBXNativeTarget "chartExperimentTests" */ = {
			isa = XCConfigurationList;
			buildConfigurations = (
				B06EF22718F6341600CF0B11 /* Debug */,
				B06EF22818F6341600CF0B11 /* Release */,
			);
			defaultConfigurationIsVisible = 0;
		};
/* End XCConfigurationList section */
	};
	rootObject = B06EF1EF18F6341600CF0B11 /* Project object */;
}
